// !$*UTF8*$!
{
	archiveVersion = 1;
	classes = {
	};
	objectVersion = 56;
	objects = {

/* Begin PBXBuildFile section */
		1B3A3E472A74264600CEF5C2 /* AppDelegate.swift in Sources */ = {isa = PBXBuildFile; fileRef = 1B3A3E462A74264600CEF5C2 /* AppDelegate.swift */; };
		1B3A3E492A74264600CEF5C2 /* SceneDelegate.swift in Sources */ = {isa = PBXBuildFile; fileRef = 1B3A3E482A74264600CEF5C2 /* SceneDelegate.swift */; };
		1B3A3E4B2A74264600CEF5C2 /* ReadersViewController.swift in Sources */ = {isa = PBXBuildFile; fileRef = 1B3A3E4A2A74264600CEF5C2 /* ReadersViewController.swift */; };
		1B3A3E502A74264800CEF5C2 /* Assets.xcassets in Resources */ = {isa = PBXBuildFile; fileRef = 1B3A3E4F2A74264800CEF5C2 /* Assets.xcassets */; };
		1B3A3E532A74264800CEF5C2 /* LaunchScreen.storyboard in Resources */ = {isa = PBXBuildFile; fileRef = 1B3A3E512A74264800CEF5C2 /* LaunchScreen.storyboard */; };
		1B3A3E602A74280200CEF5C2 /* BooksViewController.swift in Sources */ = {isa = PBXBuildFile; fileRef = 1B3A3E5F2A74280200CEF5C2 /* BooksViewController.swift */; };
		1B3A3E652A742BD700CEF5C2 /* UIViewControllerExtension.swift in Sources */ = {isa = PBXBuildFile; fileRef = 1B3A3E642A742BD700CEF5C2 /* UIViewControllerExtension.swift */; };
		1B3A3E682A742C3500CEF5C2 /* UIColorExtension.swift in Sources */ = {isa = PBXBuildFile; fileRef = 1B3A3E672A742C3500CEF5C2 /* UIColorExtension.swift */; };
		1B3A3E6B2A750C8300CEF5C2 /* MainTabBarController.swift in Sources */ = {isa = PBXBuildFile; fileRef = 1B3A3E6A2A750C8300CEF5C2 /* MainTabBarController.swift */; };
		1B3A3E6E2A75157E00CEF5C2 /* Font.swift in Sources */ = {isa = PBXBuildFile; fileRef = 1B3A3E6D2A75157E00CEF5C2 /* Font.swift */; };
		1B3A3E772A75161800CEF5C2 /* Manrope-Light.ttf in Resources */ = {isa = PBXBuildFile; fileRef = 1B3A3E702A75161800CEF5C2 /* Manrope-Light.ttf */; };
		1B3A3E782A75161800CEF5C2 /* Manrope-ExtraLight.ttf in Resources */ = {isa = PBXBuildFile; fileRef = 1B3A3E712A75161800CEF5C2 /* Manrope-ExtraLight.ttf */; };
		1B3A3E792A75161800CEF5C2 /* Manrope-Medium.ttf in Resources */ = {isa = PBXBuildFile; fileRef = 1B3A3E722A75161800CEF5C2 /* Manrope-Medium.ttf */; };
		1B3A3E7A2A75161800CEF5C2 /* Manrope-Regular.ttf in Resources */ = {isa = PBXBuildFile; fileRef = 1B3A3E732A75161800CEF5C2 /* Manrope-Regular.ttf */; };
		1B3A3E7B2A75161800CEF5C2 /* Manrope-SemiBold.ttf in Resources */ = {isa = PBXBuildFile; fileRef = 1B3A3E742A75161800CEF5C2 /* Manrope-SemiBold.ttf */; };
		1B3A3E7C2A75161800CEF5C2 /* Manrope-ExtraBold.ttf in Resources */ = {isa = PBXBuildFile; fileRef = 1B3A3E752A75161800CEF5C2 /* Manrope-ExtraBold.ttf */; };
		1B3A3E7D2A75161800CEF5C2 /* Manrope-Bold.ttf in Resources */ = {isa = PBXBuildFile; fileRef = 1B3A3E762A75161800CEF5C2 /* Manrope-Bold.ttf */; };
		1B3A3E802A75199200CEF5C2 /* SnapKit in Frameworks */ = {isa = PBXBuildFile; productRef = 1B3A3E7F2A75199200CEF5C2 /* SnapKit */; };
		1B3A3E822A751AB200CEF5C2 /* NavigationView.swift in Sources */ = {isa = PBXBuildFile; fileRef = 1B3A3E812A751AB200CEF5C2 /* NavigationView.swift */; };
		1B3A3E862A751C7E00CEF5C2 /* AdditionButton.swift in Sources */ = {isa = PBXBuildFile; fileRef = 1B3A3E852A751C7E00CEF5C2 /* AdditionButton.swift */; };
		1B3A3E8A2A752DE500CEF5C2 /* AdditionReaderViewController.swift in Sources */ = {isa = PBXBuildFile; fileRef = 1B3A3E892A752DE500CEF5C2 /* AdditionReaderViewController.swift */; };
		1B3A3E8E2A752E2100CEF5C2 /* AdditionBookViewController.swift in Sources */ = {isa = PBXBuildFile; fileRef = 1B3A3E8D2A752E2100CEF5C2 /* AdditionBookViewController.swift */; };
		1B3A3E902A75489400CEF5C2 /* AdditionReaderPresenter.swift in Sources */ = {isa = PBXBuildFile; fileRef = 1B3A3E8F2A75489400CEF5C2 /* AdditionReaderPresenter.swift */; };
		1B3A3E922A755F1F00CEF5C2 /* UITextFieldExtension.swift in Sources */ = {isa = PBXBuildFile; fileRef = 1B3A3E912A755F1F00CEF5C2 /* UITextFieldExtension.swift */; };
		1B3A3E942A75998A00CEF5C2 /* ReadersPresenter.swift in Sources */ = {isa = PBXBuildFile; fileRef = 1B3A3E932A75998A00CEF5C2 /* ReadersPresenter.swift */; };
		1B3A3E972A76253000CEF5C2 /* ReaderInfoCell.swift in Sources */ = {isa = PBXBuildFile; fileRef = 1B3A3E962A76253000CEF5C2 /* ReaderInfoCell.swift */; };
		1B3A3E992A7677B000CEF5C2 /* FilterMenuButton.swift in Sources */ = {isa = PBXBuildFile; fileRef = 1B3A3E982A7677B000CEF5C2 /* FilterMenuButton.swift */; };
		1B3A3EA02A769B0700CEF5C2 /* CoreDataManager.swift in Sources */ = {isa = PBXBuildFile; fileRef = 1B3A3E9E2A769B0700CEF5C2 /* CoreDataManager.swift */; };
		1B3A3EA12A769B0700CEF5C2 /* DataManager.swift in Sources */ = {isa = PBXBuildFile; fileRef = 1B3A3E9F2A769B0700CEF5C2 /* DataManager.swift */; };
		1B3A3EA42A769B2C00CEF5C2 /* Data.xcdatamodeld in Sources */ = {isa = PBXBuildFile; fileRef = 1B3A3EA22A769B2C00CEF5C2 /* Data.xcdatamodeld */; };
/* End PBXBuildFile section */

/* Begin PBXFileReference section */
		1B3A3E432A74264600CEF5C2 /* SmartBooks.app */ = {isa = PBXFileReference; explicitFileType = wrapper.application; includeInIndex = 0; path = SmartBooks.app; sourceTree = BUILT_PRODUCTS_DIR; };
		1B3A3E462A74264600CEF5C2 /* AppDelegate.swift */ = {isa = PBXFileReference; lastKnownFileType = sourcecode.swift; path = AppDelegate.swift; sourceTree = "<group>"; };
		1B3A3E482A74264600CEF5C2 /* SceneDelegate.swift */ = {isa = PBXFileReference; lastKnownFileType = sourcecode.swift; path = SceneDelegate.swift; sourceTree = "<group>"; };
		1B3A3E4A2A74264600CEF5C2 /* ReadersViewController.swift */ = {isa = PBXFileReference; lastKnownFileType = sourcecode.swift; path = ReadersViewController.swift; sourceTree = "<group>"; };
		1B3A3E4F2A74264800CEF5C2 /* Assets.xcassets */ = {isa = PBXFileReference; lastKnownFileType = folder.assetcatalog; path = Assets.xcassets; sourceTree = "<group>"; };
		1B3A3E522A74264800CEF5C2 /* Base */ = {isa = PBXFileReference; lastKnownFileType = file.storyboard; name = Base; path = Base.lproj/LaunchScreen.storyboard; sourceTree = "<group>"; };
		1B3A3E542A74264800CEF5C2 /* Info.plist */ = {isa = PBXFileReference; lastKnownFileType = text.plist.xml; path = Info.plist; sourceTree = "<group>"; };
		1B3A3E5F2A74280200CEF5C2 /* BooksViewController.swift */ = {isa = PBXFileReference; lastKnownFileType = sourcecode.swift; path = BooksViewController.swift; sourceTree = "<group>"; };
		1B3A3E642A742BD700CEF5C2 /* UIViewControllerExtension.swift */ = {isa = PBXFileReference; lastKnownFileType = sourcecode.swift; path = UIViewControllerExtension.swift; sourceTree = "<group>"; };
		1B3A3E672A742C3500CEF5C2 /* UIColorExtension.swift */ = {isa = PBXFileReference; fileEncoding = 4; lastKnownFileType = sourcecode.swift; path = UIColorExtension.swift; sourceTree = "<group>"; };
		1B3A3E6A2A750C8300CEF5C2 /* MainTabBarController.swift */ = {isa = PBXFileReference; fileEncoding = 4; lastKnownFileType = sourcecode.swift; path = MainTabBarController.swift; sourceTree = "<group>"; };
		1B3A3E6D2A75157E00CEF5C2 /* Font.swift */ = {isa = PBXFileReference; fileEncoding = 4; lastKnownFileType = sourcecode.swift; path = Font.swift; sourceTree = "<group>"; };
		1B3A3E702A75161800CEF5C2 /* Manrope-Light.ttf */ = {isa = PBXFileReference; lastKnownFileType = file; path = "Manrope-Light.ttf"; sourceTree = "<group>"; };
		1B3A3E712A75161800CEF5C2 /* Manrope-ExtraLight.ttf */ = {isa = PBXFileReference; lastKnownFileType = file; path = "Manrope-ExtraLight.ttf"; sourceTree = "<group>"; };
		1B3A3E722A75161800CEF5C2 /* Manrope-Medium.ttf */ = {isa = PBXFileReference; lastKnownFileType = file; path = "Manrope-Medium.ttf"; sourceTree = "<group>"; };
		1B3A3E732A75161800CEF5C2 /* Manrope-Regular.ttf */ = {isa = PBXFileReference; lastKnownFileType = file; path = "Manrope-Regular.ttf"; sourceTree = "<group>"; };
		1B3A3E742A75161800CEF5C2 /* Manrope-SemiBold.ttf */ = {isa = PBXFileReference; lastKnownFileType = file; path = "Manrope-SemiBold.ttf"; sourceTree = "<group>"; };
		1B3A3E752A75161800CEF5C2 /* Manrope-ExtraBold.ttf */ = {isa = PBXFileReference; lastKnownFileType = file; path = "Manrope-ExtraBold.ttf"; sourceTree = "<group>"; };
		1B3A3E762A75161800CEF5C2 /* Manrope-Bold.ttf */ = {isa = PBXFileReference; lastKnownFileType = file; path = "Manrope-Bold.ttf"; sourceTree = "<group>"; };
		1B3A3E812A751AB200CEF5C2 /* NavigationView.swift */ = {isa = PBXFileReference; lastKnownFileType = sourcecode.swift; path = NavigationView.swift; sourceTree = "<group>"; };
		1B3A3E852A751C7E00CEF5C2 /* AdditionButton.swift */ = {isa = PBXFileReference; lastKnownFileType = sourcecode.swift; path = AdditionButton.swift; sourceTree = "<group>"; };
		1B3A3E892A752DE500CEF5C2 /* AdditionReaderViewController.swift */ = {isa = PBXFileReference; lastKnownFileType = sourcecode.swift; path = AdditionReaderViewController.swift; sourceTree = "<group>"; };
		1B3A3E8D2A752E2100CEF5C2 /* AdditionBookViewController.swift */ = {isa = PBXFileReference; lastKnownFileType = sourcecode.swift; path = AdditionBookViewController.swift; sourceTree = "<group>"; };
		1B3A3E8F2A75489400CEF5C2 /* AdditionReaderPresenter.swift */ = {isa = PBXFileReference; lastKnownFileType = sourcecode.swift; path = AdditionReaderPresenter.swift; sourceTree = "<group>"; };
		1B3A3E912A755F1F00CEF5C2 /* UITextFieldExtension.swift */ = {isa = PBXFileReference; lastKnownFileType = sourcecode.swift; path = UITextFieldExtension.swift; sourceTree = "<group>"; };
		1B3A3E932A75998A00CEF5C2 /* ReadersPresenter.swift */ = {isa = PBXFileReference; lastKnownFileType = sourcecode.swift; path = ReadersPresenter.swift; sourceTree = "<group>"; };
		1B3A3E962A76253000CEF5C2 /* ReaderInfoCell.swift */ = {isa = PBXFileReference; lastKnownFileType = sourcecode.swift; path = ReaderInfoCell.swift; sourceTree = "<group>"; };
		1B3A3E982A7677B000CEF5C2 /* FilterMenuButton.swift */ = {isa = PBXFileReference; lastKnownFileType = sourcecode.swift; path = FilterMenuButton.swift; sourceTree = "<group>"; };
		1B3A3E9E2A769B0700CEF5C2 /* CoreDataManager.swift */ = {isa = PBXFileReference; fileEncoding = 4; lastKnownFileType = sourcecode.swift; path = CoreDataManager.swift; sourceTree = "<group>"; };
		1B3A3E9F2A769B0700CEF5C2 /* DataManager.swift */ = {isa = PBXFileReference; fileEncoding = 4; lastKnownFileType = sourcecode.swift; path = DataManager.swift; sourceTree = "<group>"; };
		1B3A3EA32A769B2C00CEF5C2 /* Data.xcdatamodel */ = {isa = PBXFileReference; lastKnownFileType = wrapper.xcdatamodel; path = Data.xcdatamodel; sourceTree = "<group>"; };
/* End PBXFileReference section */

/* Begin PBXFrameworksBuildPhase section */
		1B3A3E402A74264600CEF5C2 /* Frameworks */ = {
			isa = PBXFrameworksBuildPhase;
			buildActionMask = 2147483647;
			files = (
				1B3A3E802A75199200CEF5C2 /* SnapKit in Frameworks */,
			);
			runOnlyForDeploymentPostprocessing = 0;
		};
/* End PBXFrameworksBuildPhase section */

/* Begin PBXGroup section */
		1B3A3E3A2A74264600CEF5C2 = {
			isa = PBXGroup;
			children = (
				1B3A3E452A74264600CEF5C2 /* SmartBooks */,
				1B3A3E442A74264600CEF5C2 /* Products */,
			);
			sourceTree = "<group>";
		};
		1B3A3E442A74264600CEF5C2 /* Products */ = {
			isa = PBXGroup;
			children = (
				1B3A3E432A74264600CEF5C2 /* SmartBooks.app */,
			);
			name = Products;
			sourceTree = "<group>";
		};
		1B3A3E452A74264600CEF5C2 /* SmartBooks */ = {
			isa = PBXGroup;
			children = (
				1B3A3E5A2A74267C00CEF5C2 /* AppDelegate */,
				1B3A3E632A742ACA00CEF5C2 /* CustomUI */,
				1B3A3E9D2A769AFA00CEF5C2 /* Data */,
				1B3A3E622A742ABE00CEF5C2 /* Extensions */,
				1B3A3E6C2A75153A00CEF5C2 /* Font */,
				1B3A3E5B2A74269100CEF5C2 /* StartApplication */,
				1B3A3E5C2A74275C00CEF5C2 /* MainApplication */,
				1B3A3E612A74293E00CEF5C2 /* Assets */,
				1B3A3E542A74264800CEF5C2 /* Info.plist */,
			);
			path = SmartBooks;
			sourceTree = "<group>";
		};
		1B3A3E5A2A74267C00CEF5C2 /* AppDelegate */ = {
			isa = PBXGroup;
			children = (
				1B3A3E462A74264600CEF5C2 /* AppDelegate.swift */,
				1B3A3E482A74264600CEF5C2 /* SceneDelegate.swift */,
			);
			path = AppDelegate;
			sourceTree = "<group>";
		};
		1B3A3E5B2A74269100CEF5C2 /* StartApplication */ = {
			isa = PBXGroup;
			children = (
				1B3A3E512A74264800CEF5C2 /* LaunchScreen.storyboard */,
			);
			path = StartApplication;
			sourceTree = "<group>";
		};
		1B3A3E5C2A74275C00CEF5C2 /* MainApplication */ = {
			isa = PBXGroup;
			children = (
				1B3A3E692A750C8300CEF5C2 /* MainTabBarController */,
				1B3A3E5D2A7427BB00CEF5C2 /* Readers */,
				1B3A3E5E2A7427D300CEF5C2 /* Books */,
			);
			path = MainApplication;
			sourceTree = "<group>";
		};
		1B3A3E5D2A7427BB00CEF5C2 /* Readers */ = {
			isa = PBXGroup;
			children = (
				1B3A3E872A752DBB00CEF5C2 /* Main */,
				1B3A3E882A752DC400CEF5C2 /* AdditionReader */,
			);
			path = Readers;
			sourceTree = "<group>";
		};
		1B3A3E5E2A7427D300CEF5C2 /* Books */ = {
			isa = PBXGroup;
			children = (
				1B3A3E8B2A752E0000CEF5C2 /* Main */,
				1B3A3E8C2A752E0600CEF5C2 /* AdditionBook */,
			);
			path = Books;
			sourceTree = "<group>";
		};
		1B3A3E612A74293E00CEF5C2 /* Assets */ = {
			isa = PBXGroup;
			children = (
				1B3A3E4F2A74264800CEF5C2 /* Assets.xcassets */,
			);
			path = Assets;
			sourceTree = "<group>";
		};
		1B3A3E622A742ABE00CEF5C2 /* Extensions */ = {
			isa = PBXGroup;
			children = (
				1B3A3E642A742BD700CEF5C2 /* UIViewControllerExtension.swift */,
				1B3A3E672A742C3500CEF5C2 /* UIColorExtension.swift */,
				1B3A3E912A755F1F00CEF5C2 /* UITextFieldExtension.swift */,
			);
			path = Extensions;
			sourceTree = "<group>";
		};
		1B3A3E632A742ACA00CEF5C2 /* CustomUI */ = {
			isa = PBXGroup;
			children = (
				1B3A3E812A751AB200CEF5C2 /* NavigationView.swift */,
				1B3A3E852A751C7E00CEF5C2 /* AdditionButton.swift */,
				1B3A3E982A7677B000CEF5C2 /* FilterMenuButton.swift */,
			);
			path = CustomUI;
			sourceTree = "<group>";
		};
		1B3A3E692A750C8300CEF5C2 /* MainTabBarController */ = {
			isa = PBXGroup;
			children = (
				1B3A3E6A2A750C8300CEF5C2 /* MainTabBarController.swift */,
			);
			path = MainTabBarController;
			sourceTree = "<group>";
		};
		1B3A3E6C2A75153A00CEF5C2 /* Font */ = {
			isa = PBXGroup;
			children = (
				1B3A3E6F2A75160C00CEF5C2 /* Monrope */,
				1B3A3E6D2A75157E00CEF5C2 /* Font.swift */,
			);
			path = Font;
			sourceTree = "<group>";
		};
		1B3A3E6F2A75160C00CEF5C2 /* Monrope */ = {
			isa = PBXGroup;
			children = (
				1B3A3E762A75161800CEF5C2 /* Manrope-Bold.ttf */,
				1B3A3E752A75161800CEF5C2 /* Manrope-ExtraBold.ttf */,
				1B3A3E712A75161800CEF5C2 /* Manrope-ExtraLight.ttf */,
				1B3A3E702A75161800CEF5C2 /* Manrope-Light.ttf */,
				1B3A3E722A75161800CEF5C2 /* Manrope-Medium.ttf */,
				1B3A3E732A75161800CEF5C2 /* Manrope-Regular.ttf */,
				1B3A3E742A75161800CEF5C2 /* Manrope-SemiBold.ttf */,
			);
			path = Monrope;
			sourceTree = "<group>";
		};
		1B3A3E872A752DBB00CEF5C2 /* Main */ = {
			isa = PBXGroup;
			children = (
				1B3A3E952A76251000CEF5C2 /* Cell */,
				1B3A3E4A2A74264600CEF5C2 /* ReadersViewController.swift */,
				1B3A3E932A75998A00CEF5C2 /* ReadersPresenter.swift */,
			);
			path = Main;
			sourceTree = "<group>";
		};
		1B3A3E882A752DC400CEF5C2 /* AdditionReader */ = {
			isa = PBXGroup;
			children = (
				1B3A3E892A752DE500CEF5C2 /* AdditionReaderViewController.swift */,
				1B3A3E8F2A75489400CEF5C2 /* AdditionReaderPresenter.swift */,
			);
			path = AdditionReader;
			sourceTree = "<group>";
		};
		1B3A3E8B2A752E0000CEF5C2 /* Main */ = {
			isa = PBXGroup;
			children = (
				1B3A3E5F2A74280200CEF5C2 /* BooksViewController.swift */,
			);
			path = Main;
			sourceTree = "<group>";
		};
		1B3A3E8C2A752E0600CEF5C2 /* AdditionBook */ = {
			isa = PBXGroup;
			children = (
				1B3A3E8D2A752E2100CEF5C2 /* AdditionBookViewController.swift */,
			);
			path = AdditionBook;
			sourceTree = "<group>";
		};
		1B3A3E952A76251000CEF5C2 /* Cell */ = {
			isa = PBXGroup;
			children = (
				1B3A3E962A76253000CEF5C2 /* ReaderInfoCell.swift */,
			);
			path = Cell;
			sourceTree = "<group>";
		};
		1B3A3E9D2A769AFA00CEF5C2 /* Data */ = {
			isa = PBXGroup;
			children = (
				1B3A3EA22A769B2C00CEF5C2 /* Data.xcdatamodeld */,
				1B3A3E9E2A769B0700CEF5C2 /* CoreDataManager.swift */,
				1B3A3E9F2A769B0700CEF5C2 /* DataManager.swift */,
			);
			path = Data;
			sourceTree = "<group>";
		};
/* End PBXGroup section */

/* Begin PBXNativeTarget section */
		1B3A3E422A74264600CEF5C2 /* SmartBooks */ = {
			isa = PBXNativeTarget;
			buildConfigurationList = 1B3A3E572A74264800CEF5C2 /* Build configuration list for PBXNativeTarget "SmartBooks" */;
			buildPhases = (
				1B3A3E3F2A74264600CEF5C2 /* Sources */,
				1B3A3E402A74264600CEF5C2 /* Frameworks */,
				1B3A3E412A74264600CEF5C2 /* Resources */,
			);
			buildRules = (
			);
			dependencies = (
			);
			name = SmartBooks;
			packageProductDependencies = (
				1B3A3E7F2A75199200CEF5C2 /* SnapKit */,
			);
			productName = SmartBooks;
			productReference = 1B3A3E432A74264600CEF5C2 /* SmartBooks.app */;
			productType = "com.apple.product-type.application";
		};
/* End PBXNativeTarget section */

/* Begin PBXProject section */
		1B3A3E3B2A74264600CEF5C2 /* Project object */ = {
			isa = PBXProject;
			attributes = {
				BuildIndependentTargetsInParallel = 1;
				LastSwiftUpdateCheck = 1430;
				LastUpgradeCheck = 1430;
				TargetAttributes = {
					1B3A3E422A74264600CEF5C2 = {
						CreatedOnToolsVersion = 14.3;
					};
				};
			};
			buildConfigurationList = 1B3A3E3E2A74264600CEF5C2 /* Build configuration list for PBXProject "SmartBooks" */;
			compatibilityVersion = "Xcode 14.0";
			developmentRegion = en;
			hasScannedForEncodings = 0;
			knownRegions = (
				en,
				Base,
			);
			mainGroup = 1B3A3E3A2A74264600CEF5C2;
			packageReferences = (
				1B3A3E7E2A75199200CEF5C2 /* XCRemoteSwiftPackageReference "SnapKit" */,
			);
			productRefGroup = 1B3A3E442A74264600CEF5C2 /* Products */;
			projectDirPath = "";
			projectRoot = "";
			targets = (
				1B3A3E422A74264600CEF5C2 /* SmartBooks */,
			);
		};
/* End PBXProject section */

/* Begin PBXResourcesBuildPhase section */
		1B3A3E412A74264600CEF5C2 /* Resources */ = {
			isa = PBXResourcesBuildPhase;
			buildActionMask = 2147483647;
			files = (
				1B3A3E532A74264800CEF5C2 /* LaunchScreen.storyboard in Resources */,
				1B3A3E782A75161800CEF5C2 /* Manrope-ExtraLight.ttf in Resources */,
				1B3A3E7A2A75161800CEF5C2 /* Manrope-Regular.ttf in Resources */,
				1B3A3E772A75161800CEF5C2 /* Manrope-Light.ttf in Resources */,
				1B3A3E502A74264800CEF5C2 /* Assets.xcassets in Resources */,
				1B3A3E7C2A75161800CEF5C2 /* Manrope-ExtraBold.ttf in Resources */,
				1B3A3E792A75161800CEF5C2 /* Manrope-Medium.ttf in Resources */,
				1B3A3E7D2A75161800CEF5C2 /* Manrope-Bold.ttf in Resources */,
				1B3A3E7B2A75161800CEF5C2 /* Manrope-SemiBold.ttf in Resources */,
			);
			runOnlyForDeploymentPostprocessing = 0;
		};
/* End PBXResourcesBuildPhase section */

/* Begin PBXSourcesBuildPhase section */
		1B3A3E3F2A74264600CEF5C2 /* Sources */ = {
			isa = PBXSourcesBuildPhase;
			buildActionMask = 2147483647;
			files = (
				1B3A3E4B2A74264600CEF5C2 /* ReadersViewController.swift in Sources */,
				1B3A3E822A751AB200CEF5C2 /* NavigationView.swift in Sources */,
				1B3A3E8E2A752E2100CEF5C2 /* AdditionBookViewController.swift in Sources */,
				1B3A3E602A74280200CEF5C2 /* BooksViewController.swift in Sources */,
				1B3A3E652A742BD700CEF5C2 /* UIViewControllerExtension.swift in Sources */,
				1B3A3E6B2A750C8300CEF5C2 /* MainTabBarController.swift in Sources */,
				1B3A3EA02A769B0700CEF5C2 /* CoreDataManager.swift in Sources */,
				1B3A3EA42A769B2C00CEF5C2 /* Data.xcdatamodeld in Sources */,
				1B3A3E942A75998A00CEF5C2 /* ReadersPresenter.swift in Sources */,
				1B3A3E6E2A75157E00CEF5C2 /* Font.swift in Sources */,
				1B3A3E902A75489400CEF5C2 /* AdditionReaderPresenter.swift in Sources */,
				1B3A3E8A2A752DE500CEF5C2 /* AdditionReaderViewController.swift in Sources */,
				1B3A3E922A755F1F00CEF5C2 /* UITextFieldExtension.swift in Sources */,
				1B3A3E472A74264600CEF5C2 /* AppDelegate.swift in Sources */,
				1B3A3E862A751C7E00CEF5C2 /* AdditionButton.swift in Sources */,
				1B3A3EA12A769B0700CEF5C2 /* DataManager.swift in Sources */,
				1B3A3E492A74264600CEF5C2 /* SceneDelegate.swift in Sources */,
				1B3A3E972A76253000CEF5C2 /* ReaderInfoCell.swift in Sources */,
				1B3A3E682A742C3500CEF5C2 /* UIColorExtension.swift in Sources */,
				1B3A3E992A7677B000CEF5C2 /* FilterMenuButton.swift in Sources */,
			);
			runOnlyForDeploymentPostprocessing = 0;
		};
/* End PBXSourcesBuildPhase section */

/* Begin PBXVariantGroup section */
		1B3A3E512A74264800CEF5C2 /* LaunchScreen.storyboard */ = {
			isa = PBXVariantGroup;
			children = (
				1B3A3E522A74264800CEF5C2 /* Base */,
			);
			name = LaunchScreen.storyboard;
			sourceTree = "<group>";
		};
/* End PBXVariantGroup section */

/* Begin XCBuildConfiguration section */
		1B3A3E552A74264800CEF5C2 /* Debug */ = {
			isa = XCBuildConfiguration;
			buildSettings = {
				ALWAYS_SEARCH_USER_PATHS = NO;
				CLANG_ANALYZER_NONNULL = YES;
				CLANG_ANALYZER_NUMBER_OBJECT_CONVERSION = YES_AGGRESSIVE;
				CLANG_CXX_LANGUAGE_STANDARD = "gnu++20";
				CLANG_ENABLE_MODULES = YES;
				CLANG_ENABLE_OBJC_ARC = YES;
				CLANG_ENABLE_OBJC_WEAK = YES;
				CLANG_WARN_BLOCK_CAPTURE_AUTORELEASING = YES;
				CLANG_WARN_BOOL_CONVERSION = YES;
				CLANG_WARN_COMMA = YES;
				CLANG_WARN_CONSTANT_CONVERSION = YES;
				CLANG_WARN_DEPRECATED_OBJC_IMPLEMENTATIONS = YES;
				CLANG_WARN_DIRECT_OBJC_ISA_USAGE = YES_ERROR;
				CLANG_WARN_DOCUMENTATION_COMMENTS = YES;
				CLANG_WARN_EMPTY_BODY = YES;
				CLANG_WARN_ENUM_CONVERSION = YES;
				CLANG_WARN_INFINITE_RECURSION = YES;
				CLANG_WARN_INT_CONVERSION = YES;
				CLANG_WARN_NON_LITERAL_NULL_CONVERSION = YES;
				CLANG_WARN_OBJC_IMPLICIT_RETAIN_SELF = YES;
				CLANG_WARN_OBJC_LITERAL_CONVERSION = YES;
				CLANG_WARN_OBJC_ROOT_CLASS = YES_ERROR;
				CLANG_WARN_QUOTED_INCLUDE_IN_FRAMEWORK_HEADER = YES;
				CLANG_WARN_RANGE_LOOP_ANALYSIS = YES;
				CLANG_WARN_STRICT_PROTOTYPES = YES;
				CLANG_WARN_SUSPICIOUS_MOVE = YES;
				CLANG_WARN_UNGUARDED_AVAILABILITY = YES_AGGRESSIVE;
				CLANG_WARN_UNREACHABLE_CODE = YES;
				CLANG_WARN__DUPLICATE_METHOD_MATCH = YES;
				COPY_PHASE_STRIP = NO;
				DEBUG_INFORMATION_FORMAT = dwarf;
				ENABLE_STRICT_OBJC_MSGSEND = YES;
				ENABLE_TESTABILITY = YES;
				GCC_C_LANGUAGE_STANDARD = gnu11;
				GCC_DYNAMIC_NO_PIC = NO;
				GCC_NO_COMMON_BLOCKS = YES;
				GCC_OPTIMIZATION_LEVEL = 0;
				GCC_PREPROCESSOR_DEFINITIONS = (
					"DEBUG=1",
					"$(inherited)",
				);
				GCC_WARN_64_TO_32_BIT_CONVERSION = YES;
				GCC_WARN_ABOUT_RETURN_TYPE = YES_ERROR;
				GCC_WARN_UNDECLARED_SELECTOR = YES;
				GCC_WARN_UNINITIALIZED_AUTOS = YES_AGGRESSIVE;
				GCC_WARN_UNUSED_FUNCTION = YES;
				GCC_WARN_UNUSED_VARIABLE = YES;
				IPHONEOS_DEPLOYMENT_TARGET = 16.4;
				MTL_ENABLE_DEBUG_INFO = INCLUDE_SOURCE;
				MTL_FAST_MATH = YES;
				ONLY_ACTIVE_ARCH = YES;
				SDKROOT = iphoneos;
				SWIFT_ACTIVE_COMPILATION_CONDITIONS = DEBUG;
				SWIFT_OPTIMIZATION_LEVEL = "-Onone";
			};
			name = Debug;
		};
		1B3A3E562A74264800CEF5C2 /* Release */ = {
			isa = XCBuildConfiguration;
			buildSettings = {
				ALWAYS_SEARCH_USER_PATHS = NO;
				CLANG_ANALYZER_NONNULL = YES;
				CLANG_ANALYZER_NUMBER_OBJECT_CONVERSION = YES_AGGRESSIVE;
				CLANG_CXX_LANGUAGE_STANDARD = "gnu++20";
				CLANG_ENABLE_MODULES = YES;
				CLANG_ENABLE_OBJC_ARC = YES;
				CLANG_ENABLE_OBJC_WEAK = YES;
				CLANG_WARN_BLOCK_CAPTURE_AUTORELEASING = YES;
				CLANG_WARN_BOOL_CONVERSION = YES;
				CLANG_WARN_COMMA = YES;
				CLANG_WARN_CONSTANT_CONVERSION = YES;
				CLANG_WARN_DEPRECATED_OBJC_IMPLEMENTATIONS = YES;
				CLANG_WARN_DIRECT_OBJC_ISA_USAGE = YES_ERROR;
				CLANG_WARN_DOCUMENTATION_COMMENTS = YES;
				CLANG_WARN_EMPTY_BODY = YES;
				CLANG_WARN_ENUM_CONVERSION = YES;
				CLANG_WARN_INFINITE_RECURSION = YES;
				CLANG_WARN_INT_CONVERSION = YES;
				CLANG_WARN_NON_LITERAL_NULL_CONVERSION = YES;
				CLANG_WARN_OBJC_IMPLICIT_RETAIN_SELF = YES;
				CLANG_WARN_OBJC_LITERAL_CONVERSION = YES;
				CLANG_WARN_OBJC_ROOT_CLASS = YES_ERROR;
				CLANG_WARN_QUOTED_INCLUDE_IN_FRAMEWORK_HEADER = YES;
				CLANG_WARN_RANGE_LOOP_ANALYSIS = YES;
				CLANG_WARN_STRICT_PROTOTYPES = YES;
				CLANG_WARN_SUSPICIOUS_MOVE = YES;
				CLANG_WARN_UNGUARDED_AVAILABILITY = YES_AGGRESSIVE;
				CLANG_WARN_UNREACHABLE_CODE = YES;
				CLANG_WARN__DUPLICATE_METHOD_MATCH = YES;
				COPY_PHASE_STRIP = NO;
				DEBUG_INFORMATION_FORMAT = "dwarf-with-dsym";
				ENABLE_NS_ASSERTIONS = NO;
				ENABLE_STRICT_OBJC_MSGSEND = YES;
				GCC_C_LANGUAGE_STANDARD = gnu11;
				GCC_NO_COMMON_BLOCKS = YES;
				GCC_WARN_64_TO_32_BIT_CONVERSION = YES;
				GCC_WARN_ABOUT_RETURN_TYPE = YES_ERROR;
				GCC_WARN_UNDECLARED_SELECTOR = YES;
				GCC_WARN_UNINITIALIZED_AUTOS = YES_AGGRESSIVE;
				GCC_WARN_UNUSED_FUNCTION = YES;
				GCC_WARN_UNUSED_VARIABLE = YES;
				IPHONEOS_DEPLOYMENT_TARGET = 16.4;
				MTL_ENABLE_DEBUG_INFO = NO;
				MTL_FAST_MATH = YES;
				SDKROOT = iphoneos;
				SWIFT_COMPILATION_MODE = wholemodule;
				SWIFT_OPTIMIZATION_LEVEL = "-O";
				VALIDATE_PRODUCT = YES;
			};
			name = Release;
		};
		1B3A3E582A74264800CEF5C2 /* Debug */ = {
			isa = XCBuildConfiguration;
			buildSettings = {
				ASSETCATALOG_COMPILER_APPICON_NAME = AppIcon;
				ASSETCATALOG_COMPILER_GLOBAL_ACCENT_COLOR_NAME = AccentColor;
				CODE_SIGN_STYLE = Automatic;
				CURRENT_PROJECT_VERSION = 1;
				DEVELOPMENT_TEAM = YX6DWV484Z;
				GENERATE_INFOPLIST_FILE = YES;
				INFOPLIST_FILE = SmartBooks/Info.plist;
				INFOPLIST_KEY_UIApplicationSupportsIndirectInputEvents = YES;
				INFOPLIST_KEY_UILaunchStoryboardName = LaunchScreen;
				INFOPLIST_KEY_UISupportedInterfaceOrientations = UIInterfaceOrientationPortrait;
				IPHONEOS_DEPLOYMENT_TARGET = 13.3;
				LD_RUNPATH_SEARCH_PATHS = (
					"$(inherited)",
					"@executable_path/Frameworks",
				);
				MARKETING_VERSION = 1.0;
				PRODUCT_BUNDLE_IDENTIFIER = EvgenyTarakin.SmartBooks;
				PRODUCT_NAME = "$(TARGET_NAME)";
				SWIFT_EMIT_LOC_STRINGS = YES;
				SWIFT_VERSION = 5.0;
				TARGETED_DEVICE_FAMILY = "1,2";
			};
			name = Debug;
		};
		1B3A3E592A74264800CEF5C2 /* Release */ = {
			isa = XCBuildConfiguration;
			buildSettings = {
				ASSETCATALOG_COMPILER_APPICON_NAME = AppIcon;
				ASSETCATALOG_COMPILER_GLOBAL_ACCENT_COLOR_NAME = AccentColor;
				CODE_SIGN_STYLE = Automatic;
				CURRENT_PROJECT_VERSION = 1;
				DEVELOPMENT_TEAM = YX6DWV484Z;
				GENERATE_INFOPLIST_FILE = YES;
				INFOPLIST_FILE = SmartBooks/Info.plist;
				INFOPLIST_KEY_UIApplicationSupportsIndirectInputEvents = YES;
				INFOPLIST_KEY_UILaunchStoryboardName = LaunchScreen;
				INFOPLIST_KEY_UISupportedInterfaceOrientations = UIInterfaceOrientationPortrait;
				IPHONEOS_DEPLOYMENT_TARGET = 13.3;
				LD_RUNPATH_SEARCH_PATHS = (
					"$(inherited)",
					"@executable_path/Frameworks",
				);
				MARKETING_VERSION = 1.0;
				PRODUCT_BUNDLE_IDENTIFIER = EvgenyTarakin.SmartBooks;
				PRODUCT_NAME = "$(TARGET_NAME)";
				SWIFT_EMIT_LOC_STRINGS = YES;
				SWIFT_VERSION = 5.0;
				TARGETED_DEVICE_FAMILY = "1,2";
			};
			name = Release;
		};
/* End XCBuildConfiguration section */

/* Begin XCConfigurationList section */
		1B3A3E3E2A74264600CEF5C2 /* Build configuration list for PBXProject "SmartBooks" */ = {
			isa = XCConfigurationList;
			buildConfigurations = (
				1B3A3E552A74264800CEF5C2 /* Debug */,
				1B3A3E562A74264800CEF5C2 /* Release */,
			);
			defaultConfigurationIsVisible = 0;
			defaultConfigurationName = Release;
		};
		1B3A3E572A74264800CEF5C2 /* Build configuration list for PBXNativeTarget "SmartBooks" */ = {
			isa = XCConfigurationList;
			buildConfigurations = (
				1B3A3E582A74264800CEF5C2 /* Debug */,
				1B3A3E592A74264800CEF5C2 /* Release */,
			);
			defaultConfigurationIsVisible = 0;
			defaultConfigurationName = Release;
		};
/* End XCConfigurationList section */

/* Begin XCRemoteSwiftPackageReference section */
		1B3A3E7E2A75199200CEF5C2 /* XCRemoteSwiftPackageReference "SnapKit" */ = {
			isa = XCRemoteSwiftPackageReference;
			repositoryURL = "https://github.com/SnapKit/SnapKit";
			requirement = {
				kind = upToNextMajorVersion;
				minimumVersion = 5.0.0;
			};
		};
/* End XCRemoteSwiftPackageReference section */

/* Begin XCSwiftPackageProductDependency section */
		1B3A3E7F2A75199200CEF5C2 /* SnapKit */ = {
			isa = XCSwiftPackageProductDependency;
			package = 1B3A3E7E2A75199200CEF5C2 /* XCRemoteSwiftPackageReference "SnapKit" */;
			productName = SnapKit;
		};
/* End XCSwiftPackageProductDependency section */

/* Begin XCVersionGroup section */
		1B3A3EA22A769B2C00CEF5C2 /* Data.xcdatamodeld */ = {
			isa = XCVersionGroup;
			children = (
				1B3A3EA32A769B2C00CEF5C2 /* Data.xcdatamodel */,
			);
			currentVersion = 1B3A3EA32A769B2C00CEF5C2 /* Data.xcdatamodel */;
			path = Data.xcdatamodeld;
			sourceTree = "<group>";
			versionGroupType = wrapper.xcdatamodel;
		};
/* End XCVersionGroup section */
	};
	rootObject = 1B3A3E3B2A74264600CEF5C2 /* Project object */;
}
